{
  "name": "axess",
  "version": "0.0.2",
  "lockfileVersion": 2,
  "requires": true,
  "packages": {
    "": {
      "name": "axess",
      "version": "0.0.2",
      "license": "ISC",
      "dependencies": {
        "axe-core": "^4.1.4"
      },
      "devDependencies": {
        "typescript": "^4.2.4"
      }
    },
    "node_modules/axe-core": {
      "version": "4.1.4",
      "resolved": "https://registry.npmjs.org/axe-core/-/axe-core-4.1.4.tgz",
      "integrity": "sha512-Pdgfv6iP0gNx9ejRGa3zE7Xgkj/iclXqLfe7BnatdZz0QnLZ3jrRHUVH8wNSdN68w05Sk3ShGTb3ydktMTooig==",
      "engines": {
        "node": ">=4"
      }
    },
    "node_modules/typescript": {
      "version": "4.2.4",
      "resolved": "https://registry.npmjs.org/typescript/-/typescript-4.2.4.tgz",
      "integrity": "sha512-V+evlYHZnQkaz8TRBuxTA92yZBPotr5H+WhQ7bD3hZUndx5tGOa1fuCgeSjxAzM1RiN5IzvadIXTVefuuwZCRg==",
      "dev": true,
      "bin": {
        "tsc": "bin/tsc",
        "tsserver": "bin/tsserver"
      },
      "engines": {
        "node": ">=4.2.0"
      }
    }
  },
  "dependencies": {
    "axe-core": {
      "version": "4.1.4",
      "resolved": "https://registry.npmjs.org/axe-core/-/axe-core-4.1.4.tgz",
      "integrity": "sha512-Pdgfv6iP0gNx9ejRGa3zE7Xgkj/iclXqLfe7BnatdZz0QnLZ3jrRHUVH8wNSdN68w05Sk3ShGTb3ydktMTooig=="
    },
    "typescript": {
      "version": "4.2.4",
      "resolved": "https://registry.npmjs.org/typescript/-/typescript-4.2.4.tgz",
      "integrity": "sha512-V+evlYHZnQkaz8TRBuxTA92yZBPotr5H+WhQ7bD3hZUndx5tGOa1fuCgeSjxAzM1RiN5IzvadIXTVefuuwZCRg==",
      "dev": true
    }
  }
}
