{
  "name": "playground",
  "version": "1.0.0",
  "lockfileVersion": 2,
  "requires": true,
  "packages": {
    "": {
      "version": "1.0.0",
      "license": "ISC",
      "dependencies": {
        "axess": "^0.0.6",
        "module-to-cdn": "^3.1.5"
      }
    },
    "node_modules/axe-core": {
      "version": "4.1.4",
      "resolved": "https://registry.npmjs.org/axe-core/-/axe-core-4.1.4.tgz",
      "integrity": "sha512-Pdgfv6iP0gNx9ejRGa3zE7Xgkj/iclXqLfe7BnatdZz0QnLZ3jrRHUVH8wNSdN68w05Sk3ShGTb3ydktMTooig==",
      "engines": {
        "node": ">=4"
      }
    },
    "node_modules/axess": {
      "version": "0.0.6",
      "resolved": "https://registry.npmjs.org/axess/-/axess-0.0.6.tgz",
      "integrity": "sha512-79yTWiBeEENdlnZgZVygBACcc90NmdI1fwWHc0WZbukVgHsFN0UOcCFtsf3fdkfAw/X4j0wMQE97rbcFlcicRQ==",
      "dependencies": {
        "axe-core": "^4.1.4"
      }
    },
    "node_modules/module-to-cdn": {
      "version": "3.1.5",
      "resolved": "https://registry.npmjs.org/module-to-cdn/-/module-to-cdn-3.1.5.tgz",
      "integrity": "sha512-4gWp4NXTzJ+zjHA8aVjexMNZ83cfDCb6OWD3XDRsfXJtXDPTibgB4gYZbROB6kDPVElwZmCp4TnLY6pFWk4K3A==",
      "dependencies": {
        "semver": "^6.0.0"
      },
      "engines": {
        "node": ">=6"
      }
    },
    "node_modules/semver": {
      "version": "6.3.0",
      "resolved": "https://registry.npmjs.org/semver/-/semver-6.3.0.tgz",
      "integrity": "sha512-b39TBaTSfV6yBrapU89p5fKekE2m/NwnDocOVruQFS1/veMgdzuPcnOM34M6CwxW8jH/lxEa5rBoDeUwu5HHTw==",
      "bin": {
        "semver": "bin/semver.js"
      }
    }
  },
  "dependencies": {
    "axe-core": {
      "version": "4.1.4",
      "resolved": "https://registry.npmjs.org/axe-core/-/axe-core-4.1.4.tgz",
      "integrity": "sha512-Pdgfv6iP0gNx9ejRGa3zE7Xgkj/iclXqLfe7BnatdZz0QnLZ3jrRHUVH8wNSdN68w05Sk3ShGTb3ydktMTooig=="
    },
    "axess": {
      "version": "0.0.6",
      "resolved": "https://registry.npmjs.org/axess/-/axess-0.0.6.tgz",
      "integrity": "sha512-79yTWiBeEENdlnZgZVygBACcc90NmdI1fwWHc0WZbukVgHsFN0UOcCFtsf3fdkfAw/X4j0wMQE97rbcFlcicRQ==",
      "requires": {
        "axe-core": "^4.1.4"
      }
    },
    "module-to-cdn": {
      "version": "3.1.5",
      "resolved": "https://registry.npmjs.org/module-to-cdn/-/module-to-cdn-3.1.5.tgz",
      "integrity": "sha512-4gWp4NXTzJ+zjHA8aVjexMNZ83cfDCb6OWD3XDRsfXJtXDPTibgB4gYZbROB6kDPVElwZmCp4TnLY6pFWk4K3A==",
      "requires": {
        "semver": "^6.0.0"
      }
    },
    "semver": {
      "version": "6.3.0",
      "resolved": "https://registry.npmjs.org/semver/-/semver-6.3.0.tgz",
      "integrity": "sha512-b39TBaTSfV6yBrapU89p5fKekE2m/NwnDocOVruQFS1/veMgdzuPcnOM34M6CwxW8jH/lxEa5rBoDeUwu5HHTw=="
    }
  }
}
